Microsoft Visual Studio Solution File, Format Version 11.00
# Visual Studio 2010
Project("{8BC9CEB8-8B4A-11D0-8D11-00A0C91BC942}") = "OgreKinectGame", "OgreApp.vcxproj", "{89A2A7C2-45FB-3DA1-B6BF-19D2F479C39D}"
	ProjectSection(ProjectDependencies) = postProject
		{A656B611-AA94-4A47-8CE1-7704E45FD7E3} = {A656B611-AA94-4A47-8CE1-7704E45FD7E3}
		{791F594F-FF44-49D1-A882-FF4DB0DCD92A} = {791F594F-FF44-49D1-A882-FF4DB0DCD92A}
		{022634CE-F06A-4F71-AA07-3CE7BB1841AE} = {022634CE-F06A-4F71-AA07-3CE7BB1841AE}
	EndProjectSection
EndProject
Project("{8BC9CEB8-8B4A-11D0-8D11-00A0C91BC942}") = "NuiManager", "Lib\NuiManager\NuiManager.vcxproj", "{A656B611-AA94-4A47-8CE1-7704E45FD7E3}"
EndProject
Project("{8BC9CEB8-8B4A-11D0-8D11-00A0C91BC942}") = "OgreBulletCollisions", "Lib\OgreBullet\Collisions\scripts\VC8\OgreBulletCollisions_VC8.vcxproj", "{791F594F-FF44-49D1-A882-FF4DB0DCD92A}"
EndProject
Project("{8BC9CEB8-8B4A-11D0-8D11-00A0C91BC942}") = "OgreBulletDynamics", "Lib\OgreBullet\Dynamics\scripts\VC8\OgreBulletDynamics_VC8.vcxproj", "{022634CE-F06A-4F71-AA07-3CE7BB1841AE}"
EndProject
Global
	GlobalSection(SolutionConfigurationPlatforms) = preSolution
		Debug|Win32 = Debug|Win32
		MinSizeRel|Win32 = MinSizeRel|Win32
		Release|Win32 = Release|Win32
		RelWithDebInfo|Win32 = RelWithDebInfo|Win32
	EndGlobalSection
	GlobalSection(ProjectConfigurationPlatforms) = postSolution
		{89A2A7C2-45FB-3DA1-B6BF-19D2F479C39D}.Debug|Win32.ActiveCfg = Debug|Win32
		{89A2A7C2-45FB-3DA1-B6BF-19D2F479C39D}.Debug|Win32.Build.0 = Debug|Win32
		{89A2A7C2-45FB-3DA1-B6BF-19D2F479C39D}.MinSizeRel|Win32.ActiveCfg = MinSizeRel|Win32
		{89A2A7C2-45FB-3DA1-B6BF-19D2F479C39D}.MinSizeRel|Win32.Build.0 = MinSizeRel|Win32
		{89A2A7C2-45FB-3DA1-B6BF-19D2F479C39D}.Release|Win32.ActiveCfg = Release|Win32
		{89A2A7C2-45FB-3DA1-B6BF-19D2F479C39D}.Release|Win32.Build.0 = Release|Win32
		{89A2A7C2-45FB-3DA1-B6BF-19D2F479C39D}.RelWithDebInfo|Win32.ActiveCfg = RelWithDebInfo|Win32
		{89A2A7C2-45FB-3DA1-B6BF-19D2F479C39D}.RelWithDebInfo|Win32.Build.0 = RelWithDebInfo|Win32
		{A656B611-AA94-4A47-8CE1-7704E45FD7E3}.Debug|Win32.ActiveCfg = Debug|Win32
		{A656B611-AA94-4A47-8CE1-7704E45FD7E3}.Debug|Win32.Build.0 = Debug|Win32
		{A656B611-AA94-4A47-8CE1-7704E45FD7E3}.MinSizeRel|Win32.ActiveCfg = Release|Win32
		{A656B611-AA94-4A47-8CE1-7704E45FD7E3}.MinSizeRel|Win32.Build.0 = Release|Win32
		{A656B611-AA94-4A47-8CE1-7704E45FD7E3}.Release|Win32.ActiveCfg = Release|Win32
		{A656B611-AA94-4A47-8CE1-7704E45FD7E3}.Release|Win32.Build.0 = Release|Win32
		{A656B611-AA94-4A47-8CE1-7704E45FD7E3}.RelWithDebInfo|Win32.ActiveCfg = Release|Win32
		{A656B611-AA94-4A47-8CE1-7704E45FD7E3}.RelWithDebInfo|Win32.Build.0 = Release|Win32
		{791F594F-FF44-49D1-A882-FF4DB0DCD92A}.Debug|Win32.ActiveCfg = Debug|Win32
		{791F594F-FF44-49D1-A882-FF4DB0DCD92A}.Debug|Win32.Build.0 = Debug|Win32
		{791F594F-FF44-49D1-A882-FF4DB0DCD92A}.MinSizeRel|Win32.ActiveCfg = Release|Win32
		{791F594F-FF44-49D1-A882-FF4DB0DCD92A}.MinSizeRel|Win32.Build.0 = Release|Win32
		{791F594F-FF44-49D1-A882-FF4DB0DCD92A}.Release|Win32.ActiveCfg = Release|Win32
		{791F594F-FF44-49D1-A882-FF4DB0DCD92A}.Release|Win32.Build.0 = Release|Win32
		{791F594F-FF44-49D1-A882-FF4DB0DCD92A}.RelWithDebInfo|Win32.ActiveCfg = Release|Win32
		{791F594F-FF44-49D1-A882-FF4DB0DCD92A}.RelWithDebInfo|Win32.Build.0 = Release|Win32
		{022634CE-F06A-4F71-AA07-3CE7BB1841AE}.Debug|Win32.ActiveCfg = Debug|Win32
		{022634CE-F06A-4F71-AA07-3CE7BB1841AE}.Debug|Win32.Build.0 = Debug|Win32
		{022634CE-F06A-4F71-AA07-3CE7BB1841AE}.MinSizeRel|Win32.ActiveCfg = Release|Win32
		{022634CE-F06A-4F71-AA07-3CE7BB1841AE}.MinSizeRel|Win32.Build.0 = Release|Win32
		{022634CE-F06A-4F71-AA07-3CE7BB1841AE}.Release|Win32.ActiveCfg = Release|Win32
		{022634CE-F06A-4F71-AA07-3CE7BB1841AE}.Release|Win32.Build.0 = Release|Win32
		{022634CE-F06A-4F71-AA07-3CE7BB1841AE}.RelWithDebInfo|Win32.ActiveCfg = Release|Win32
		{022634CE-F06A-4F71-AA07-3CE7BB1841AE}.RelWithDebInfo|Win32.Build.0 = Release|Win32
	EndGlobalSection
	GlobalSection(SolutionProperties) = preSolution
		HideSolutionNode = FALSE
	EndGlobalSection
EndGlobal
